
Microsoft Visual Studio Solution File, Format Version 12.00
# Visual Studio Version 17
VisualStudioVersion = 17.13.35919.96
MinimumVisualStudioVersion = 10.0.40219.1
Project("{FAE04EC0-301F-11D3-BF4B-00C04F79EFBC}") = "solicitudMovimientosPcs", "solicitudMovimientosPcs\solicitudMovimientosPcs.csproj", "{3C5E4285-07E9-4503-A714-8D1CF65CBD87}"
EndProject
Project("{2150E333-8FDC-42A3-9474-1A3956D46DE8}") = "docs", "docs", "{02EA681E-C7D8-13C7-8484-4AC65E1B71E8}"
	ProjectSection(SolutionItems) = preProject
		..\..\..\Downloads\CHANGELOG.md = ..\..\..\Downloads\CHANGELOG.md
		..\..\..\Downloads\er.puml = ..\..\..\Downloads\er.puml
		..\..\..\Downloads\README.md = ..\..\..\Downloads\README.md
	EndProjectSection
EndProject
Global
	GlobalSection(SolutionConfigurationPlatforms) = preSolution
		Debug|Any CPU = Debug|Any CPU
		Release|Any CPU = Release|Any CPU
	EndGlobalSection
	GlobalSection(ProjectConfigurationPlatforms) = postSolution
		{3C5E4285-07E9-4503-A714-8D1CF65CBD87}.Debug|Any CPU.ActiveCfg = Debug|Any CPU
		{3C5E4285-07E9-4503-A714-8D1CF65CBD87}.Debug|Any CPU.Build.0 = Debug|Any CPU
		{3C5E4285-07E9-4503-A714-8D1CF65CBD87}.Release|Any CPU.ActiveCfg = Release|Any CPU
		{3C5E4285-07E9-4503-A714-8D1CF65CBD87}.Release|Any CPU.Build.0 = Release|Any CPU
	EndGlobalSection
	GlobalSection(SolutionProperties) = preSolution
		HideSolutionNode = FALSE
	EndGlobalSection
	GlobalSection(ExtensibilityGlobals) = postSolution
		SolutionGuid = {9DBCA5F8-4ADC-479B-8785-85FFF9A4CAF3}
	EndGlobalSection
EndGlobal
